
Microsoft Visual Studio Solution File, Format Version 12.00
# Visual Studio Version 16
VisualStudioVersion = 16.0.30225.117
MinimumVisualStudioVersion = 10.0.40219.1
Project("{9A19103F-16F7-4668-BE54-9A1E7A4F7556}") = "Bank", "src\Bank\Bank.csproj", "{5017E0F9-ADBE-4D48-A2DE-978540773C11}"
EndProject
Project("{9A19103F-16F7-4668-BE54-9A1E7A4F7556}") = "CPTech.Core.Jwt", "src\CPTech.Core.Jwt\CPTech.Core.Jwt.csproj", "{707DED90-1AB9-4CF0-A67F-4B3DC247EF25}"
EndProject
Project("{9A19103F-16F7-4668-BE54-9A1E7A4F7556}") = "Bank.EFCore.SqlServer", "src\Bank.EFCore.SqlServer\Bank.EFCore.SqlServer.csproj", "{662A66A3-913E-4BFA-BA72-5B806E6845F4}"
EndProject
Project("{9A19103F-16F7-4668-BE54-9A1E7A4F7556}") = "Bank.Services.Icbc", "src\Bank.Services.Icbc\Bank.Services.Icbc.csproj", "{5E7F880B-58FA-4532-99CD-7A7DA7432E06}"
EndProject
Project("{9A19103F-16F7-4668-BE54-9A1E7A4F7556}") = "Bank.Domains", "src\Bank.Domains\Bank.Domains.csproj", "{EDA98ADE-376B-4410-8BC5-E6536BF0838C}"
EndProject
Project("{9A19103F-16F7-4668-BE54-9A1E7A4F7556}") = "Bank.EFCore.MySql", "src\Bank.EFCore.MySql\Bank.EFCore.MySql.csproj", "{6DE7324D-D3EB-45D5-B9B7-AD4667046983}"
EndProject
Project("{2150E333-8FDC-42A3-9474-1A3956D46DE8}") = "test", "test", "{572B3883-E608-42B3-9010-40E30F3872D5}"
EndProject
Project("{2150E333-8FDC-42A3-9474-1A3956D46DE8}") = "src", "src", "{D3EFB15B-C23C-4855-8C5E-FCCADD851EBD}"
EndProject
Project("{9A19103F-16F7-4668-BE54-9A1E7A4F7556}") = "Encrypt.Test", "test\Encrypt\Encrypt.Test.csproj", "{5EECA0A4-1207-43DF-B8FF-71EA5E3213A0}"
EndProject
Project("{9A19103F-16F7-4668-BE54-9A1E7A4F7556}") = "CPTech.Security", "src\CPTech.Security\CPTech.Security.csproj", "{6629C6A7-5422-42E8-AFFD-EE49D5CA86BB}"
EndProject
Project("{9A19103F-16F7-4668-BE54-9A1E7A4F7556}") = "Bank.EFCore", "src\Bank.EFCore\Bank.EFCore.csproj", "{D7BFE59B-0142-4CE9-8E83-8F189DD42619}"
EndProject
Project("{9A19103F-16F7-4668-BE54-9A1E7A4F7556}") = "CPTech.Core", "src\CPTech.Core\CPTech.Core.csproj", "{3B0D2A2E-DDCF-4A64-B525-7A9D79024032}"
EndProject
Project("{9A19103F-16F7-4668-BE54-9A1E7A4F7556}") = "Bank.Services.Ccb", "src\Bank.Services.Ccb\Bank.Services.Ccb.csproj", "{5C0CD01A-7F44-47C7-ACF7-71FB4A08C2B1}"
EndProject
Project("{FAE04EC0-301F-11D3-BF4B-00C04F79EFBC}") = "CPTech.EFCore", "src\CPTech.EFCore\CPTech.EFCore.csproj", "{ABD4FE96-BEF2-416F-871F-D7C5BF396685}"
EndProject
Global
	GlobalSection(SolutionConfigurationPlatforms) = preSolution
		Debug|Any CPU = Debug|Any CPU
		Release|Any CPU = Release|Any CPU
	EndGlobalSection
	GlobalSection(ProjectConfigurationPlatforms) = postSolution
		{5017E0F9-ADBE-4D48-A2DE-978540773C11}.Debug|Any CPU.ActiveCfg = Debug|Any CPU
		{5017E0F9-ADBE-4D48-A2DE-978540773C11}.Debug|Any CPU.Build.0 = Debug|Any CPU
		{5017E0F9-ADBE-4D48-A2DE-978540773C11}.Release|Any CPU.ActiveCfg = Release|Any CPU
		{5017E0F9-ADBE-4D48-A2DE-978540773C11}.Release|Any CPU.Build.0 = Release|Any CPU
		{707DED90-1AB9-4CF0-A67F-4B3DC247EF25}.Debug|Any CPU.ActiveCfg = Debug|Any CPU
		{707DED90-1AB9-4CF0-A67F-4B3DC247EF25}.Debug|Any CPU.Build.0 = Debug|Any CPU
		{707DED90-1AB9-4CF0-A67F-4B3DC247EF25}.Release|Any CPU.ActiveCfg = Release|Any CPU
		{707DED90-1AB9-4CF0-A67F-4B3DC247EF25}.Release|Any CPU.Build.0 = Release|Any CPU
		{662A66A3-913E-4BFA-BA72-5B806E6845F4}.Debug|Any CPU.ActiveCfg = Debug|Any CPU
		{662A66A3-913E-4BFA-BA72-5B806E6845F4}.Debug|Any CPU.Build.0 = Debug|Any CPU
		{662A66A3-913E-4BFA-BA72-5B806E6845F4}.Release|Any CPU.ActiveCfg = Release|Any CPU
		{662A66A3-913E-4BFA-BA72-5B806E6845F4}.Release|Any CPU.Build.0 = Release|Any CPU
		{5E7F880B-58FA-4532-99CD-7A7DA7432E06}.Debug|Any CPU.ActiveCfg = Debug|Any CPU
		{5E7F880B-58FA-4532-99CD-7A7DA7432E06}.Debug|Any CPU.Build.0 = Debug|Any CPU
		{5E7F880B-58FA-4532-99CD-7A7DA7432E06}.Release|Any CPU.ActiveCfg = Release|Any CPU
		{5E7F880B-58FA-4532-99CD-7A7DA7432E06}.Release|Any CPU.Build.0 = Release|Any CPU
		{EDA98ADE-376B-4410-8BC5-E6536BF0838C}.Debug|Any CPU.ActiveCfg = Debug|Any CPU
		{EDA98ADE-376B-4410-8BC5-E6536BF0838C}.Debug|Any CPU.Build.0 = Debug|Any CPU
		{EDA98ADE-376B-4410-8BC5-E6536BF0838C}.Release|Any CPU.ActiveCfg = Release|Any CPU
		{EDA98ADE-376B-4410-8BC5-E6536BF0838C}.Release|Any CPU.Build.0 = Release|Any CPU
		{6DE7324D-D3EB-45D5-B9B7-AD4667046983}.Debug|Any CPU.ActiveCfg = Debug|Any CPU
		{6DE7324D-D3EB-45D5-B9B7-AD4667046983}.Debug|Any CPU.Build.0 = Debug|Any CPU
		{6DE7324D-D3EB-45D5-B9B7-AD4667046983}.Release|Any CPU.ActiveCfg = Release|Any CPU
		{6DE7324D-D3EB-45D5-B9B7-AD4667046983}.Release|Any CPU.Build.0 = Release|Any CPU
		{5EECA0A4-1207-43DF-B8FF-71EA5E3213A0}.Debug|Any CPU.ActiveCfg = Debug|Any CPU
		{5EECA0A4-1207-43DF-B8FF-71EA5E3213A0}.Debug|Any CPU.Build.0 = Debug|Any CPU
		{5EECA0A4-1207-43DF-B8FF-71EA5E3213A0}.Release|Any CPU.ActiveCfg = Release|Any CPU
		{5EECA0A4-1207-43DF-B8FF-71EA5E3213A0}.Release|Any CPU.Build.0 = Release|Any CPU
		{6629C6A7-5422-42E8-AFFD-EE49D5CA86BB}.Debug|Any CPU.ActiveCfg = Debug|Any CPU
		{6629C6A7-5422-42E8-AFFD-EE49D5CA86BB}.Debug|Any CPU.Build.0 = Debug|Any CPU
		{6629C6A7-5422-42E8-AFFD-EE49D5CA86BB}.Release|Any CPU.ActiveCfg = Release|Any CPU
		{6629C6A7-5422-42E8-AFFD-EE49D5CA86BB}.Release|Any CPU.Build.0 = Release|Any CPU
		{D7BFE59B-0142-4CE9-8E83-8F189DD42619}.Debug|Any CPU.ActiveCfg = Debug|Any CPU
		{D7BFE59B-0142-4CE9-8E83-8F189DD42619}.Debug|Any CPU.Build.0 = Debug|Any CPU
		{D7BFE59B-0142-4CE9-8E83-8F189DD42619}.Release|Any CPU.ActiveCfg = Release|Any CPU
		{D7BFE59B-0142-4CE9-8E83-8F189DD42619}.Release|Any CPU.Build.0 = Release|Any CPU
		{3B0D2A2E-DDCF-4A64-B525-7A9D79024032}.Debug|Any CPU.ActiveCfg = Debug|Any CPU
		{3B0D2A2E-DDCF-4A64-B525-7A9D79024032}.Debug|Any CPU.Build.0 = Debug|Any CPU
		{3B0D2A2E-DDCF-4A64-B525-7A9D79024032}.Release|Any CPU.ActiveCfg = Release|Any CPU
		{3B0D2A2E-DDCF-4A64-B525-7A9D79024032}.Release|Any CPU.Build.0 = Release|Any CPU
		{5C0CD01A-7F44-47C7-ACF7-71FB4A08C2B1}.Debug|Any CPU.ActiveCfg = Debug|Any CPU
		{5C0CD01A-7F44-47C7-ACF7-71FB4A08C2B1}.Debug|Any CPU.Build.0 = Debug|Any CPU
		{5C0CD01A-7F44-47C7-ACF7-71FB4A08C2B1}.Release|Any CPU.ActiveCfg = Release|Any CPU
		{5C0CD01A-7F44-47C7-ACF7-71FB4A08C2B1}.Release|Any CPU.Build.0 = Release|Any CPU
		{ABD4FE96-BEF2-416F-871F-D7C5BF396685}.Debug|Any CPU.ActiveCfg = Debug|Any CPU
		{ABD4FE96-BEF2-416F-871F-D7C5BF396685}.Debug|Any CPU.Build.0 = Debug|Any CPU
		{ABD4FE96-BEF2-416F-871F-D7C5BF396685}.Release|Any CPU.ActiveCfg = Release|Any CPU
		{ABD4FE96-BEF2-416F-871F-D7C5BF396685}.Release|Any CPU.Build.0 = Release|Any CPU
	EndGlobalSection
	GlobalSection(SolutionProperties) = preSolution
		HideSolutionNode = FALSE
	EndGlobalSection
	GlobalSection(NestedProjects) = preSolution
		{5017E0F9-ADBE-4D48-A2DE-978540773C11} = {D3EFB15B-C23C-4855-8C5E-FCCADD851EBD}
		{707DED90-1AB9-4CF0-A67F-4B3DC247EF25} = {D3EFB15B-C23C-4855-8C5E-FCCADD851EBD}
		{662A66A3-913E-4BFA-BA72-5B806E6845F4} = {D3EFB15B-C23C-4855-8C5E-FCCADD851EBD}
		{5E7F880B-58FA-4532-99CD-7A7DA7432E06} = {D3EFB15B-C23C-4855-8C5E-FCCADD851EBD}
		{EDA98ADE-376B-4410-8BC5-E6536BF0838C} = {D3EFB15B-C23C-4855-8C5E-FCCADD851EBD}
		{6DE7324D-D3EB-45D5-B9B7-AD4667046983} = {D3EFB15B-C23C-4855-8C5E-FCCADD851EBD}
		{5EECA0A4-1207-43DF-B8FF-71EA5E3213A0} = {572B3883-E608-42B3-9010-40E30F3872D5}
		{6629C6A7-5422-42E8-AFFD-EE49D5CA86BB} = {D3EFB15B-C23C-4855-8C5E-FCCADD851EBD}
		{D7BFE59B-0142-4CE9-8E83-8F189DD42619} = {D3EFB15B-C23C-4855-8C5E-FCCADD851EBD}
		{3B0D2A2E-DDCF-4A64-B525-7A9D79024032} = {D3EFB15B-C23C-4855-8C5E-FCCADD851EBD}
		{5C0CD01A-7F44-47C7-ACF7-71FB4A08C2B1} = {D3EFB15B-C23C-4855-8C5E-FCCADD851EBD}
		{ABD4FE96-BEF2-416F-871F-D7C5BF396685} = {D3EFB15B-C23C-4855-8C5E-FCCADD851EBD}
	EndGlobalSection
	GlobalSection(ExtensibilityGlobals) = postSolution
		SolutionGuid = {CC4CF8DC-9751-4599-B8BD-9A785A24B1AE}
	EndGlobalSection
EndGlobal
